Microsoft Visual Studio Solution File, Format Version 12.00
# Visual Studio Version 18
VisualStudioVersion = 18.2.11415.280
MinimumVisualStudioVersion = 10.0.40219.1
Project("{FAE04EC0-301F-11D3-BF4B-00C04F79EFBC}") = "SimpleOpenTelemetry", "src\SimpleOpenTelemetry\SimpleOpenTelemetry.csproj", "{934CB77B-DFE8-99F0-8A6C-87F95E3803D9}"
EndProject
Project("{2150E333-8FDC-42A3-9474-1A3956D46DE8}") = "examples", "examples", "{34B0BD7D-84E0-4AC2-9F98-03C747EB80A9}"
EndProject
Project("{FAE04EC0-301F-11D3-BF4B-00C04F79EFBC}") = "AspNetCore", "examples\aspnetcore\AspNetCore.csproj", "{5A7BB03E-560C-0A1A-F54F-F304BF40E039}"
EndProject
Project("{FAE04EC0-301F-11D3-BF4B-00C04F79EFBC}") = "Console", "examples\console\Console.csproj", "{5A7BB03E-560C-0A1A-F54F-F304BF40E040}"
EndProject
Project("{2150E333-8FDC-42A3-9474-1A3956D46DE8}") = "tests", "tests", "{95C8B8C9-E3D5-4BFB-8727-702038E77D82}"
EndProject
Project("{FAE04EC0-301F-11D3-BF4B-00C04F79EFBC}") = "SimpleOpenTelemetry.Tests", "tests\SimpleOpenTelemetry.Tests\SimpleOpenTelemetry.Tests.csproj", "{CD26694E-037B-40BF-BEAD-6FBED597D245}"
EndProject
Project("{FAE04EC0-301F-11D3-BF4B-00C04F79EFBC}") = "Shared", "examples\shared\Shared.csproj", "{C17F748C-74B7-4B66-EDCB-FD378D75D3A1}"
EndProject
Global
	GlobalSection(SolutionConfigurationPlatforms) = preSolution
		Debug|Any CPU = Debug|Any CPU
		Release|Any CPU = Release|Any CPU
	EndGlobalSection
	GlobalSection(ProjectConfigurationPlatforms) = postSolution
		{934CB77B-DFE8-99F0-8A6C-87F95E3803D9}.Debug|Any CPU.ActiveCfg = Debug|Any CPU
		{934CB77B-DFE8-99F0-8A6C-87F95E3803D9}.Debug|Any CPU.Build.0 = Debug|Any CPU
		{934CB77B-DFE8-99F0-8A6C-87F95E3803D9}.Release|Any CPU.ActiveCfg = Release|Any CPU
		{934CB77B-DFE8-99F0-8A6C-87F95E3803D9}.Release|Any CPU.Build.0 = Release|Any CPU
		{5A7BB03E-560C-0A1A-F54F-F304BF40E039}.Debug|Any CPU.ActiveCfg = Debug|Any CPU
		{5A7BB03E-560C-0A1A-F54F-F304BF40E039}.Debug|Any CPU.Build.0 = Debug|Any CPU
		{5A7BB03E-560C-0A1A-F54F-F304BF40E039}.Release|Any CPU.ActiveCfg = Release|Any CPU
		{5A7BB03E-560C-0A1A-F54F-F304BF40E039}.Release|Any CPU.Build.0 = Release|Any CPU
		{5A7BB03E-560C-0A1A-F54F-F304BF40E040}.Debug|Any CPU.ActiveCfg = Debug|Any CPU
		{5A7BB03E-560C-0A1A-F54F-F304BF40E040}.Debug|Any CPU.Build.0 = Debug|Any CPU
		{5A7BB03E-560C-0A1A-F54F-F304BF40E040}.Release|Any CPU.ActiveCfg = Release|Any CPU
		{5A7BB03E-560C-0A1A-F54F-F304BF40E040}.Release|Any CPU.Build.0 = Release|Any CPU
		{CD26694E-037B-40BF-BEAD-6FBED597D245}.Debug|Any CPU.ActiveCfg = Debug|Any CPU
		{CD26694E-037B-40BF-BEAD-6FBED597D245}.Debug|Any CPU.Build.0 = Debug|Any CPU
		{CD26694E-037B-40BF-BEAD-6FBED597D245}.Release|Any CPU.ActiveCfg = Release|Any CPU
		{CD26694E-037B-40BF-BEAD-6FBED597D245}.Release|Any CPU.Build.0 = Release|Any CPU
		{C17F748C-74B7-4B66-EDCB-FD378D75D3A1}.Debug|Any CPU.ActiveCfg = Debug|Any CPU
		{C17F748C-74B7-4B66-EDCB-FD378D75D3A1}.Debug|Any CPU.Build.0 = Debug|Any CPU
		{C17F748C-74B7-4B66-EDCB-FD378D75D3A1}.Release|Any CPU.ActiveCfg = Release|Any CPU
		{C17F748C-74B7-4B66-EDCB-FD378D75D3A1}.Release|Any CPU.Build.0 = Release|Any CPU
	EndGlobalSection
	GlobalSection(SolutionProperties) = preSolution
		HideSolutionNode = FALSE
	EndGlobalSection
	GlobalSection(NestedProjects) = preSolution
		{5A7BB03E-560C-0A1A-F54F-F304BF40E039} = {34B0BD7D-84E0-4AC2-9F98-03C747EB80A9}
		{5A7BB03E-560C-0A1A-F54F-F304BF40E040} = {34B0BD7D-84E0-4AC2-9F98-03C747EB80A9}
		{CD26694E-037B-40BF-BEAD-6FBED597D245} = {95C8B8C9-E3D5-4BFB-8727-702038E77D82}
		{C17F748C-74B7-4B66-EDCB-FD378D75D3A1} = {34B0BD7D-84E0-4AC2-9F98-03C747EB80A9}
	EndGlobalSection
	GlobalSection(ExtensibilityGlobals) = postSolution
		SolutionGuid = {C48E00CB-A478-4D8B-BDD2-D3F07611DE84}
	EndGlobalSection
EndGlobal
