
Microsoft Visual Studio Solution File, Format Version 12.00
# Visual Studio Version 18
VisualStudioVersion = 18.2.11415.280
MinimumVisualStudioVersion = 10.0.40219.1
Project("{FAE04EC0-301F-11D3-BF4B-00C04F79EFBC}") = "SimpleOpenTelemetry", "src\SimpleOpenTelemetry\SimpleOpenTelemetry.csproj", "{934CB77B-DFE8-99F0-8A6C-87F95E3803D9}"
EndProject
Project("{2150E333-8FDC-42A3-9474-1A3956D46DE8}") = "localdev", "localdev", "{34B0BD7D-84E0-4AC2-9F98-03C747EB80A9}"
	ProjectSection(SolutionItems) = preProject
		example-apps\localdev\README.md = example-apps\localdev\README.md
	EndProjectSection
EndProject
Project("{FAE04EC0-301F-11D3-BF4B-00C04F79EFBC}") = "AspNetCore", "example-apps\localdev\aspnetcore\AspNetCore.csproj", "{5A7BB03E-560C-0A1A-F54F-F304BF40E039}"
EndProject
Project("{FAE04EC0-301F-11D3-BF4B-00C04F79EFBC}") = "Console", "example-apps\localdev\console\Console.csproj", "{5A7BB03E-560C-0A1A-F54F-F304BF40E040}"
EndProject
Project("{2150E333-8FDC-42A3-9474-1A3956D46DE8}") = "tests", "tests", "{95C8B8C9-E3D5-4BFB-8727-702038E77D82}"
EndProject
Project("{FAE04EC0-301F-11D3-BF4B-00C04F79EFBC}") = "SimpleOpenTelemetry.Tests", "tests\SimpleOpenTelemetry.Tests\SimpleOpenTelemetry.Tests.csproj", "{CD26694E-037B-40BF-BEAD-6FBED597D245}"
EndProject
Project("{FAE04EC0-301F-11D3-BF4B-00C04F79EFBC}") = "Shared", "example-apps\localdev\shared\Shared.csproj", "{C17F748C-74B7-4B66-EDCB-FD378D75D3A1}"
EndProject
Project("{FAE04EC0-301F-11D3-BF4B-00C04F79EFBC}") = "SimpleOpenTelemetry.IntegrationTests", "tests\SimpleOpenTelemetry.IntegrationTests\SimpleOpenTelemetry.IntegrationTests.csproj", "{F4913D4D-654D-4447-9B48-D3B49874A430}"
EndProject
Project("{2150E333-8FDC-42A3-9474-1A3956D46DE8}") = "Solution Items", "Solution Items", "{20DD357F-16A1-4658-8C89-AF0861C1D88D}"
	ProjectSection(SolutionItems) = preProject
		README.md = README.md
	EndProjectSection
EndProject
Project("{2150E333-8FDC-42A3-9474-1A3956D46DE8}") = "examples", "examples", "{5C985702-B701-4E5A-A182-3C2D04E2FD6D}"
EndProject
Project("{2150E333-8FDC-42A3-9474-1A3956D46DE8}") = "aws", "aws", "{1372D88F-57B2-4049-AE03-126D979770D1}"
	ProjectSection(SolutionItems) = preProject
		docs\configuration\examples\aws\aspnetcore-ecs-otelcollector.json = docs\configuration\examples\aws\aspnetcore-ecs-otelcollector.json
		docs\configuration\examples\aws\README.md = docs\configuration\examples\aws\README.md
	EndProjectSection
EndProject
Project("{2150E333-8FDC-42A3-9474-1A3956D46DE8}") = "gcp", "gcp", "{04A6C38A-CEC3-491C-8EE3-DD7A0A08D4E4}"
	ProjectSection(SolutionItems) = preProject
		docs\configuration\examples\gcp\aspnetcore-cloudrun-collectorsidecar.json = docs\configuration\examples\gcp\aspnetcore-cloudrun-collectorsidecar.json
		docs\configuration\examples\gcp\README.md = docs\configuration\examples\gcp\README.md
	EndProjectSection
EndProject
Project("{2150E333-8FDC-42A3-9474-1A3956D46DE8}") = "azure", "azure", "{DE20A8D8-5D24-4C96-9C84-AD9D7FF6D910}"
	ProjectSection(SolutionItems) = preProject
		docs\configuration\examples\azure\aspnetcore-azureotel-distro-rbac.json = docs\configuration\examples\azure\aspnetcore-azureotel-distro-rbac.json
		docs\configuration\examples\azure\aspnetcore-azureotel-exporter-by-signal-rbac.json = docs\configuration\examples\azure\aspnetcore-azureotel-exporter-by-signal-rbac.json
		docs\configuration\examples\azure\aspnetcore-azureotel-exporter-rbac.json = docs\configuration\examples\azure\aspnetcore-azureotel-exporter-rbac.json
		docs\configuration\examples\azure\README.md = docs\configuration\examples\azure\README.md
	EndProjectSection
EndProject
Project("{2150E333-8FDC-42A3-9474-1A3956D46DE8}") = "newrelic", "newrelic", "{78632826-F737-4EFE-A515-84A9D8273F9E}"
	ProjectSection(SolutionItems) = preProject
		docs\configuration\examples\newrelic\aspnetcore-newrelic-directexport.json = docs\configuration\examples\newrelic\aspnetcore-newrelic-directexport.json
		docs\configuration\examples\newrelic\aspnetcore-newrelic-otelcollector.json = docs\configuration\examples\newrelic\aspnetcore-newrelic-otelcollector.json
		docs\configuration\examples\newrelic\README.md = docs\configuration\examples\newrelic\README.md
	EndProjectSection
EndProject
Project("{2150E333-8FDC-42A3-9474-1A3956D46DE8}") = "snippets", "snippets", "{528F4E63-CB34-4253-8776-61CAA111F0D7}"
	ProjectSection(SolutionItems) = preProject
		docs\configuration\snippets\README.md = docs\configuration\snippets\README.md
	EndProjectSection
EndProject
Project("{2150E333-8FDC-42A3-9474-1A3956D46DE8}") = "distro", "distro", "{9E7EF8FA-9E35-451A-BF16-7454A007A310}"
	ProjectSection(SolutionItems) = preProject
		docs\configuration\snippets\distro\azuremonitoraspnetcore.json = docs\configuration\snippets\distro\azuremonitoraspnetcore.json
	EndProjectSection
EndProject
Project("{2150E333-8FDC-42A3-9474-1A3956D46DE8}") = "exporter", "exporter", "{699F5E62-9689-479B-836C-52649B206F58}"
	ProjectSection(SolutionItems) = preProject
		docs\configuration\snippets\exporter\azuremonitor.json = docs\configuration\snippets\exporter\azuremonitor.json
		docs\configuration\snippets\exporter\otlp.json = docs\configuration\snippets\exporter\otlp.json
		docs\configuration\snippets\exporter\prometheusaspnetcore.json = docs\configuration\snippets\exporter\prometheusaspnetcore.json
		docs\configuration\snippets\exporter\prometheushttplistener.json = docs\configuration\snippets\exporter\prometheushttplistener.json
	EndProjectSection
EndProject
Project("{2150E333-8FDC-42A3-9474-1A3956D46DE8}") = "extensions", "extensions", "{EEEA3893-43E0-4215-836D-47803B93E09E}"
	ProjectSection(SolutionItems) = preProject
		docs\configuration\snippets\extensions\azuremonitorexporter.json = docs\configuration\snippets\extensions\azuremonitorexporter.json
	EndProjectSection
EndProject
Project("{2150E333-8FDC-42A3-9474-1A3956D46DE8}") = "instrumentations", "instrumentations", "{B44F8B0F-97EC-4448-BAB6-FC0EBDDAB7AA}"
	ProjectSection(SolutionItems) = preProject
		docs\configuration\snippets\instrumentations\aws.json = docs\configuration\snippets\instrumentations\aws.json
		docs\configuration\snippets\instrumentations\awslambda.json = docs\configuration\snippets\instrumentations\awslambda.json
	EndProjectSection
EndProject
Project("{2150E333-8FDC-42A3-9474-1A3956D46DE8}") = "resourcedetectors", "resourcedetectors", "{DD44ECB4-DC93-40B2-8CD2-9FC824C3E171}"
	ProjectSection(SolutionItems) = preProject
		docs\configuration\snippets\resourcedetectors\aws.json = docs\configuration\snippets\resourcedetectors\aws.json
	EndProjectSection
EndProject
Project("{2150E333-8FDC-42A3-9474-1A3956D46DE8}") = "src", "src", "{4C5B3160-F5E4-4C2E-A0E2-55666BE7A11C}"
EndProject
Project("{2150E333-8FDC-42A3-9474-1A3956D46DE8}") = "cloud", "cloud", "{E46EFEB5-A302-426C-A99F-4050C051BB7C}"
EndProject
Project("{2150E333-8FDC-42A3-9474-1A3956D46DE8}") = "aws", "aws", "{C570C0DD-E08B-4AA6-AC68-F00AEEF94C0D}"
	ProjectSection(SolutionItems) = preProject
		example-apps\cloud\aws\ecs\README.md = example-apps\cloud\aws\ecs\README.md
	EndProjectSection
EndProject
Project("{FAE04EC0-301F-11D3-BF4B-00C04F79EFBC}") = "soteltestaws", "example-apps\cloud\aws\ecs\app\soteltestaws.csproj", "{1F11BFED-5384-332C-DCE5-5F7AB210D009}"
EndProject
Project("{2150E333-8FDC-42A3-9474-1A3956D46DE8}") = "azure", "azure", "{865745A1-BD48-45EB-96C8-580997C50BCD}"
	ProjectSection(SolutionItems) = preProject
		example-apps\cloud\azure\appservice\README.md = example-apps\cloud\azure\appservice\README.md
	EndProjectSection
EndProject
Project("{2150E333-8FDC-42A3-9474-1A3956D46DE8}") = "gcp", "gcp", "{9A3241B8-C000-435E-8D30-BB1570980F47}"
	ProjectSection(SolutionItems) = preProject
		example-apps\cloud\gcp\cloudrun\README.md = example-apps\cloud\gcp\cloudrun\README.md
	EndProjectSection
EndProject
Project("{FAE04EC0-301F-11D3-BF4B-00C04F79EFBC}") = "soteltestazure", "example-apps\cloud\azure\appservice\app\soteltestazure.csproj", "{54ECAF4A-F5D8-4883-8271-FB49AA88CBE3}"
EndProject
Project("{FAE04EC0-301F-11D3-BF4B-00C04F79EFBC}") = "soteltestgcp", "example-apps\cloud\gcp\cloudrun\app\soteltestgcp.csproj", "{05A6EC93-E1BE-075A-F7F6-EB59D1BB344D}"
EndProject
Project("{2150E333-8FDC-42A3-9474-1A3956D46DE8}") = "example-apps", "example-apps", "{6CA5258E-4499-4B20-AF5C-707C7C180A98}"
EndProject
Project("{2150E333-8FDC-42A3-9474-1A3956D46DE8}") = "docs", "docs", "{35C1454D-6DAA-4E1B-8076-05227E184BCF}"
	ProjectSection(SolutionItems) = preProject
		docs\README.md = docs\README.md
	EndProjectSection
EndProject
Project("{2150E333-8FDC-42A3-9474-1A3956D46DE8}") = "configuration", "configuration", "{94B9FE49-7874-4D81-B245-EACFB70D87EF}"
	ProjectSection(SolutionItems) = preProject
		docs\configuration\distros.md = docs\configuration\distros.md
		docs\configuration\exporters.md = docs\configuration\exporters.md
		docs\configuration\extensions.md = docs\configuration\extensions.md
		docs\configuration\instrumentations.md = docs\configuration\instrumentations.md
		docs\configuration\propagators.md = docs\configuration\propagators.md
		docs\configuration\README.md = docs\configuration\README.md
		docs\configuration\resource-detectors.md = docs\configuration\resource-detectors.md
		docs\configuration\samplers.md = docs\configuration\samplers.md
	EndProjectSection
EndProject
Global
	GlobalSection(SolutionConfigurationPlatforms) = preSolution
		Debug|Any CPU = Debug|Any CPU
		Debug|x64 = Debug|x64
		Debug|x86 = Debug|x86
		Release|Any CPU = Release|Any CPU
		Release|x64 = Release|x64
		Release|x86 = Release|x86
	EndGlobalSection
	GlobalSection(ProjectConfigurationPlatforms) = postSolution
		{934CB77B-DFE8-99F0-8A6C-87F95E3803D9}.Debug|Any CPU.ActiveCfg = Debug|Any CPU
		{934CB77B-DFE8-99F0-8A6C-87F95E3803D9}.Debug|Any CPU.Build.0 = Debug|Any CPU
		{934CB77B-DFE8-99F0-8A6C-87F95E3803D9}.Debug|x64.ActiveCfg = Debug|Any CPU
		{934CB77B-DFE8-99F0-8A6C-87F95E3803D9}.Debug|x64.Build.0 = Debug|Any CPU
		{934CB77B-DFE8-99F0-8A6C-87F95E3803D9}.Debug|x86.ActiveCfg = Debug|Any CPU
		{934CB77B-DFE8-99F0-8A6C-87F95E3803D9}.Debug|x86.Build.0 = Debug|Any CPU
		{934CB77B-DFE8-99F0-8A6C-87F95E3803D9}.Release|Any CPU.ActiveCfg = Release|Any CPU
		{934CB77B-DFE8-99F0-8A6C-87F95E3803D9}.Release|Any CPU.Build.0 = Release|Any CPU
		{934CB77B-DFE8-99F0-8A6C-87F95E3803D9}.Release|x64.ActiveCfg = Release|Any CPU
		{934CB77B-DFE8-99F0-8A6C-87F95E3803D9}.Release|x64.Build.0 = Release|Any CPU
		{934CB77B-DFE8-99F0-8A6C-87F95E3803D9}.Release|x86.ActiveCfg = Release|Any CPU
		{934CB77B-DFE8-99F0-8A6C-87F95E3803D9}.Release|x86.Build.0 = Release|Any CPU
		{5A7BB03E-560C-0A1A-F54F-F304BF40E039}.Debug|Any CPU.ActiveCfg = Debug|Any CPU
		{5A7BB03E-560C-0A1A-F54F-F304BF40E039}.Debug|Any CPU.Build.0 = Debug|Any CPU
		{5A7BB03E-560C-0A1A-F54F-F304BF40E039}.Debug|x64.ActiveCfg = Debug|Any CPU
		{5A7BB03E-560C-0A1A-F54F-F304BF40E039}.Debug|x64.Build.0 = Debug|Any CPU
		{5A7BB03E-560C-0A1A-F54F-F304BF40E039}.Debug|x86.ActiveCfg = Debug|Any CPU
		{5A7BB03E-560C-0A1A-F54F-F304BF40E039}.Debug|x86.Build.0 = Debug|Any CPU
		{5A7BB03E-560C-0A1A-F54F-F304BF40E039}.Release|Any CPU.ActiveCfg = Release|Any CPU
		{5A7BB03E-560C-0A1A-F54F-F304BF40E039}.Release|Any CPU.Build.0 = Release|Any CPU
		{5A7BB03E-560C-0A1A-F54F-F304BF40E039}.Release|x64.ActiveCfg = Release|Any CPU
		{5A7BB03E-560C-0A1A-F54F-F304BF40E039}.Release|x64.Build.0 = Release|Any CPU
		{5A7BB03E-560C-0A1A-F54F-F304BF40E039}.Release|x86.ActiveCfg = Release|Any CPU
		{5A7BB03E-560C-0A1A-F54F-F304BF40E039}.Release|x86.Build.0 = Release|Any CPU
		{5A7BB03E-560C-0A1A-F54F-F304BF40E040}.Debug|Any CPU.ActiveCfg = Debug|Any CPU
		{5A7BB03E-560C-0A1A-F54F-F304BF40E040}.Debug|Any CPU.Build.0 = Debug|Any CPU
		{5A7BB03E-560C-0A1A-F54F-F304BF40E040}.Debug|x64.ActiveCfg = Debug|Any CPU
		{5A7BB03E-560C-0A1A-F54F-F304BF40E040}.Debug|x64.Build.0 = Debug|Any CPU
		{5A7BB03E-560C-0A1A-F54F-F304BF40E040}.Debug|x86.ActiveCfg = Debug|Any CPU
		{5A7BB03E-560C-0A1A-F54F-F304BF40E040}.Debug|x86.Build.0 = Debug|Any CPU
		{5A7BB03E-560C-0A1A-F54F-F304BF40E040}.Release|Any CPU.ActiveCfg = Release|Any CPU
		{5A7BB03E-560C-0A1A-F54F-F304BF40E040}.Release|Any CPU.Build.0 = Release|Any CPU
		{5A7BB03E-560C-0A1A-F54F-F304BF40E040}.Release|x64.ActiveCfg = Release|Any CPU
		{5A7BB03E-560C-0A1A-F54F-F304BF40E040}.Release|x64.Build.0 = Release|Any CPU
		{5A7BB03E-560C-0A1A-F54F-F304BF40E040}.Release|x86.ActiveCfg = Release|Any CPU
		{5A7BB03E-560C-0A1A-F54F-F304BF40E040}.Release|x86.Build.0 = Release|Any CPU
		{CD26694E-037B-40BF-BEAD-6FBED597D245}.Debug|Any CPU.ActiveCfg = Debug|Any CPU
		{CD26694E-037B-40BF-BEAD-6FBED597D245}.Debug|Any CPU.Build.0 = Debug|Any CPU
		{CD26694E-037B-40BF-BEAD-6FBED597D245}.Debug|x64.ActiveCfg = Debug|Any CPU
		{CD26694E-037B-40BF-BEAD-6FBED597D245}.Debug|x64.Build.0 = Debug|Any CPU
		{CD26694E-037B-40BF-BEAD-6FBED597D245}.Debug|x86.ActiveCfg = Debug|Any CPU
		{CD26694E-037B-40BF-BEAD-6FBED597D245}.Debug|x86.Build.0 = Debug|Any CPU
		{CD26694E-037B-40BF-BEAD-6FBED597D245}.Release|Any CPU.ActiveCfg = Release|Any CPU
		{CD26694E-037B-40BF-BEAD-6FBED597D245}.Release|Any CPU.Build.0 = Release|Any CPU
		{CD26694E-037B-40BF-BEAD-6FBED597D245}.Release|x64.ActiveCfg = Release|Any CPU
		{CD26694E-037B-40BF-BEAD-6FBED597D245}.Release|x64.Build.0 = Release|Any CPU
		{CD26694E-037B-40BF-BEAD-6FBED597D245}.Release|x86.ActiveCfg = Release|Any CPU
		{CD26694E-037B-40BF-BEAD-6FBED597D245}.Release|x86.Build.0 = Release|Any CPU
		{C17F748C-74B7-4B66-EDCB-FD378D75D3A1}.Debug|Any CPU.ActiveCfg = Debug|Any CPU
		{C17F748C-74B7-4B66-EDCB-FD378D75D3A1}.Debug|Any CPU.Build.0 = Debug|Any CPU
		{C17F748C-74B7-4B66-EDCB-FD378D75D3A1}.Debug|x64.ActiveCfg = Debug|Any CPU
		{C17F748C-74B7-4B66-EDCB-FD378D75D3A1}.Debug|x64.Build.0 = Debug|Any CPU
		{C17F748C-74B7-4B66-EDCB-FD378D75D3A1}.Debug|x86.ActiveCfg = Debug|Any CPU
		{C17F748C-74B7-4B66-EDCB-FD378D75D3A1}.Debug|x86.Build.0 = Debug|Any CPU
		{C17F748C-74B7-4B66-EDCB-FD378D75D3A1}.Release|Any CPU.ActiveCfg = Release|Any CPU
		{C17F748C-74B7-4B66-EDCB-FD378D75D3A1}.Release|Any CPU.Build.0 = Release|Any CPU
		{C17F748C-74B7-4B66-EDCB-FD378D75D3A1}.Release|x64.ActiveCfg = Release|Any CPU
		{C17F748C-74B7-4B66-EDCB-FD378D75D3A1}.Release|x64.Build.0 = Release|Any CPU
		{C17F748C-74B7-4B66-EDCB-FD378D75D3A1}.Release|x86.ActiveCfg = Release|Any CPU
		{C17F748C-74B7-4B66-EDCB-FD378D75D3A1}.Release|x86.Build.0 = Release|Any CPU
		{F4913D4D-654D-4447-9B48-D3B49874A430}.Debug|Any CPU.ActiveCfg = Debug|Any CPU
		{F4913D4D-654D-4447-9B48-D3B49874A430}.Debug|Any CPU.Build.0 = Debug|Any CPU
		{F4913D4D-654D-4447-9B48-D3B49874A430}.Debug|x64.ActiveCfg = Debug|Any CPU
		{F4913D4D-654D-4447-9B48-D3B49874A430}.Debug|x64.Build.0 = Debug|Any CPU
		{F4913D4D-654D-4447-9B48-D3B49874A430}.Debug|x86.ActiveCfg = Debug|Any CPU
		{F4913D4D-654D-4447-9B48-D3B49874A430}.Debug|x86.Build.0 = Debug|Any CPU
		{F4913D4D-654D-4447-9B48-D3B49874A430}.Release|Any CPU.ActiveCfg = Release|Any CPU
		{F4913D4D-654D-4447-9B48-D3B49874A430}.Release|Any CPU.Build.0 = Release|Any CPU
		{F4913D4D-654D-4447-9B48-D3B49874A430}.Release|x64.ActiveCfg = Release|Any CPU
		{F4913D4D-654D-4447-9B48-D3B49874A430}.Release|x64.Build.0 = Release|Any CPU
		{F4913D4D-654D-4447-9B48-D3B49874A430}.Release|x86.ActiveCfg = Release|Any CPU
		{F4913D4D-654D-4447-9B48-D3B49874A430}.Release|x86.Build.0 = Release|Any CPU
		{1F11BFED-5384-332C-DCE5-5F7AB210D009}.Debug|Any CPU.ActiveCfg = Debug|Any CPU
		{1F11BFED-5384-332C-DCE5-5F7AB210D009}.Debug|Any CPU.Build.0 = Debug|Any CPU
		{1F11BFED-5384-332C-DCE5-5F7AB210D009}.Debug|x64.ActiveCfg = Debug|Any CPU
		{1F11BFED-5384-332C-DCE5-5F7AB210D009}.Debug|x64.Build.0 = Debug|Any CPU
		{1F11BFED-5384-332C-DCE5-5F7AB210D009}.Debug|x86.ActiveCfg = Debug|Any CPU
		{1F11BFED-5384-332C-DCE5-5F7AB210D009}.Debug|x86.Build.0 = Debug|Any CPU
		{1F11BFED-5384-332C-DCE5-5F7AB210D009}.Release|Any CPU.ActiveCfg = Release|Any CPU
		{1F11BFED-5384-332C-DCE5-5F7AB210D009}.Release|Any CPU.Build.0 = Release|Any CPU
		{1F11BFED-5384-332C-DCE5-5F7AB210D009}.Release|x64.ActiveCfg = Release|Any CPU
		{1F11BFED-5384-332C-DCE5-5F7AB210D009}.Release|x64.Build.0 = Release|Any CPU
		{1F11BFED-5384-332C-DCE5-5F7AB210D009}.Release|x86.ActiveCfg = Release|Any CPU
		{1F11BFED-5384-332C-DCE5-5F7AB210D009}.Release|x86.Build.0 = Release|Any CPU
		{54ECAF4A-F5D8-4883-8271-FB49AA88CBE3}.Debug|Any CPU.ActiveCfg = Debug|Any CPU
		{54ECAF4A-F5D8-4883-8271-FB49AA88CBE3}.Debug|Any CPU.Build.0 = Debug|Any CPU
		{54ECAF4A-F5D8-4883-8271-FB49AA88CBE3}.Debug|x64.ActiveCfg = Debug|Any CPU
		{54ECAF4A-F5D8-4883-8271-FB49AA88CBE3}.Debug|x64.Build.0 = Debug|Any CPU
		{54ECAF4A-F5D8-4883-8271-FB49AA88CBE3}.Debug|x86.ActiveCfg = Debug|Any CPU
		{54ECAF4A-F5D8-4883-8271-FB49AA88CBE3}.Debug|x86.Build.0 = Debug|Any CPU
		{54ECAF4A-F5D8-4883-8271-FB49AA88CBE3}.Release|Any CPU.ActiveCfg = Release|Any CPU
		{54ECAF4A-F5D8-4883-8271-FB49AA88CBE3}.Release|Any CPU.Build.0 = Release|Any CPU
		{54ECAF4A-F5D8-4883-8271-FB49AA88CBE3}.Release|x64.ActiveCfg = Release|Any CPU
		{54ECAF4A-F5D8-4883-8271-FB49AA88CBE3}.Release|x64.Build.0 = Release|Any CPU
		{54ECAF4A-F5D8-4883-8271-FB49AA88CBE3}.Release|x86.ActiveCfg = Release|Any CPU
		{54ECAF4A-F5D8-4883-8271-FB49AA88CBE3}.Release|x86.Build.0 = Release|Any CPU
		{05A6EC93-E1BE-075A-F7F6-EB59D1BB344D}.Debug|Any CPU.ActiveCfg = Debug|Any CPU
		{05A6EC93-E1BE-075A-F7F6-EB59D1BB344D}.Debug|Any CPU.Build.0 = Debug|Any CPU
		{05A6EC93-E1BE-075A-F7F6-EB59D1BB344D}.Debug|x64.ActiveCfg = Debug|Any CPU
		{05A6EC93-E1BE-075A-F7F6-EB59D1BB344D}.Debug|x64.Build.0 = Debug|Any CPU
		{05A6EC93-E1BE-075A-F7F6-EB59D1BB344D}.Debug|x86.ActiveCfg = Debug|Any CPU
		{05A6EC93-E1BE-075A-F7F6-EB59D1BB344D}.Debug|x86.Build.0 = Debug|Any CPU
		{05A6EC93-E1BE-075A-F7F6-EB59D1BB344D}.Release|Any CPU.ActiveCfg = Release|Any CPU
		{05A6EC93-E1BE-075A-F7F6-EB59D1BB344D}.Release|Any CPU.Build.0 = Release|Any CPU
		{05A6EC93-E1BE-075A-F7F6-EB59D1BB344D}.Release|x64.ActiveCfg = Release|Any CPU
		{05A6EC93-E1BE-075A-F7F6-EB59D1BB344D}.Release|x64.Build.0 = Release|Any CPU
		{05A6EC93-E1BE-075A-F7F6-EB59D1BB344D}.Release|x86.ActiveCfg = Release|Any CPU
		{05A6EC93-E1BE-075A-F7F6-EB59D1BB344D}.Release|x86.Build.0 = Release|Any CPU
	EndGlobalSection
	GlobalSection(SolutionProperties) = preSolution
		HideSolutionNode = FALSE
	EndGlobalSection
	GlobalSection(NestedProjects) = preSolution
		{934CB77B-DFE8-99F0-8A6C-87F95E3803D9} = {4C5B3160-F5E4-4C2E-A0E2-55666BE7A11C}
		{34B0BD7D-84E0-4AC2-9F98-03C747EB80A9} = {6CA5258E-4499-4B20-AF5C-707C7C180A98}
		{5A7BB03E-560C-0A1A-F54F-F304BF40E039} = {34B0BD7D-84E0-4AC2-9F98-03C747EB80A9}
		{5A7BB03E-560C-0A1A-F54F-F304BF40E040} = {34B0BD7D-84E0-4AC2-9F98-03C747EB80A9}
		{CD26694E-037B-40BF-BEAD-6FBED597D245} = {95C8B8C9-E3D5-4BFB-8727-702038E77D82}
		{C17F748C-74B7-4B66-EDCB-FD378D75D3A1} = {34B0BD7D-84E0-4AC2-9F98-03C747EB80A9}
		{F4913D4D-654D-4447-9B48-D3B49874A430} = {95C8B8C9-E3D5-4BFB-8727-702038E77D82}
		{5C985702-B701-4E5A-A182-3C2D04E2FD6D} = {94B9FE49-7874-4D81-B245-EACFB70D87EF}
		{1372D88F-57B2-4049-AE03-126D979770D1} = {5C985702-B701-4E5A-A182-3C2D04E2FD6D}
		{04A6C38A-CEC3-491C-8EE3-DD7A0A08D4E4} = {5C985702-B701-4E5A-A182-3C2D04E2FD6D}
		{DE20A8D8-5D24-4C96-9C84-AD9D7FF6D910} = {5C985702-B701-4E5A-A182-3C2D04E2FD6D}
		{78632826-F737-4EFE-A515-84A9D8273F9E} = {5C985702-B701-4E5A-A182-3C2D04E2FD6D}
		{528F4E63-CB34-4253-8776-61CAA111F0D7} = {94B9FE49-7874-4D81-B245-EACFB70D87EF}
		{9E7EF8FA-9E35-451A-BF16-7454A007A310} = {528F4E63-CB34-4253-8776-61CAA111F0D7}
		{699F5E62-9689-479B-836C-52649B206F58} = {528F4E63-CB34-4253-8776-61CAA111F0D7}
		{EEEA3893-43E0-4215-836D-47803B93E09E} = {528F4E63-CB34-4253-8776-61CAA111F0D7}
		{B44F8B0F-97EC-4448-BAB6-FC0EBDDAB7AA} = {528F4E63-CB34-4253-8776-61CAA111F0D7}
		{DD44ECB4-DC93-40B2-8CD2-9FC824C3E171} = {528F4E63-CB34-4253-8776-61CAA111F0D7}
		{E46EFEB5-A302-426C-A99F-4050C051BB7C} = {6CA5258E-4499-4B20-AF5C-707C7C180A98}
		{C570C0DD-E08B-4AA6-AC68-F00AEEF94C0D} = {E46EFEB5-A302-426C-A99F-4050C051BB7C}
		{1F11BFED-5384-332C-DCE5-5F7AB210D009} = {C570C0DD-E08B-4AA6-AC68-F00AEEF94C0D}
		{865745A1-BD48-45EB-96C8-580997C50BCD} = {E46EFEB5-A302-426C-A99F-4050C051BB7C}
		{9A3241B8-C000-435E-8D30-BB1570980F47} = {E46EFEB5-A302-426C-A99F-4050C051BB7C}
		{54ECAF4A-F5D8-4883-8271-FB49AA88CBE3} = {865745A1-BD48-45EB-96C8-580997C50BCD}
		{05A6EC93-E1BE-075A-F7F6-EB59D1BB344D} = {9A3241B8-C000-435E-8D30-BB1570980F47}
		{94B9FE49-7874-4D81-B245-EACFB70D87EF} = {35C1454D-6DAA-4E1B-8076-05227E184BCF}
	EndGlobalSection
	GlobalSection(ExtensibilityGlobals) = postSolution
		SolutionGuid = {C48E00CB-A478-4D8B-BDD2-D3F07611DE84}
	EndGlobalSection
EndGlobal
